// !$*UTF8*$!
{
	archiveVersion = 1;
	classes = {
	};
	objectVersion = 46;
	objects = {

/* Begin PBXBuildFile section */
		90DABA9C7F69C5D6B4296A1D /* libPods.a in Frameworks */ = {isa = PBXBuildFile; fileRef = 0D7FDFA1397FD778E206B26D /* libPods.a */; };
		EAC784B31B636C6F00DFF11E /* AppDelegate.swift in Sources */ = {isa = PBXBuildFile; fileRef = EAC784B21B636C6F00DFF11E /* AppDelegate.swift */; };
		EAC784B61B636C6F00DFF11E /* PizzaPlaces.xcdatamodeld in Sources */ = {isa = PBXBuildFile; fileRef = EAC784B41B636C6F00DFF11E /* PizzaPlaces.xcdatamodeld */; };
		EAC784B81B636C6F00DFF11E /* ViewController.swift in Sources */ = {isa = PBXBuildFile; fileRef = EAC784B71B636C6F00DFF11E /* ViewController.swift */; };
		EAC784BB1B636C6F00DFF11E /* Main.storyboard in Resources */ = {isa = PBXBuildFile; fileRef = EAC784B91B636C6F00DFF11E /* Main.storyboard */; };
		EAC784BD1B636C6F00DFF11E /* Images.xcassets in Resources */ = {isa = PBXBuildFile; fileRef = EAC784BC1B636C6F00DFF11E /* Images.xcassets */; };
		EAC784C01B636C6F00DFF11E /* LaunchScreen.xib in Resources */ = {isa = PBXBuildFile; fileRef = EAC784BE1B636C6F00DFF11E /* LaunchScreen.xib */; };
		EAC784CC1B636C6F00DFF11E /* PizzaPlacesTests.swift in Sources */ = {isa = PBXBuildFile; fileRef = EAC784CB1B636C6F00DFF11E /* PizzaPlacesTests.swift */; };
		EAC785391B6376C700DFF11E /* CoreLocation.framework in Frameworks */ = {isa = PBXBuildFile; fileRef = EAC785381B6376C700DFF11E /* CoreLocation.framework */; };
		EAC7853D1B63795B00DFF11E /* New_York_Trip.gpx in Resources */ = {isa = PBXBuildFile; fileRef = EAC7853C1B63795B00DFF11E /* New_York_Trip.gpx */; };
		EAC785411B637ABD00DFF11E /* Box.framework in Frameworks */ = {isa = PBXBuildFile; fileRef = EAC7853E1B637ABD00DFF11E /* Box.framework */; };
		EAC785421B637ABD00DFF11E /* ReactiveCocoa.framework in Frameworks */ = {isa = PBXBuildFile; fileRef = EAC7853F1B637ABD00DFF11E /* ReactiveCocoa.framework */; };
		EAC785431B637ABD00DFF11E /* Result.framework in Frameworks */ = {isa = PBXBuildFile; fileRef = EAC785401B637ABD00DFF11E /* Result.framework */; };
		EAC785451B637ADF00DFF11E /* Box.framework in Embed Frameworks */ = {isa = PBXBuildFile; fileRef = EAC7853E1B637ABD00DFF11E /* Box.framework */; settings = {ATTRIBUTES = (CodeSignOnCopy, RemoveHeadersOnCopy, ); }; };
		EAC785461B637ADF00DFF11E /* ReactiveCocoa.framework in Embed Frameworks */ = {isa = PBXBuildFile; fileRef = EAC7853F1B637ABD00DFF11E /* ReactiveCocoa.framework */; settings = {ATTRIBUTES = (CodeSignOnCopy, RemoveHeadersOnCopy, ); }; };
		EAC785471B637ADF00DFF11E /* Result.framework in Embed Frameworks */ = {isa = PBXBuildFile; fileRef = EAC785401B637ABD00DFF11E /* Result.framework */; settings = {ATTRIBUTES = (CodeSignOnCopy, RemoveHeadersOnCopy, ); }; };
		EAC7854A1B63815800DFF11E /* SwiftyJSON.framework in Frameworks */ = {isa = PBXBuildFile; fileRef = EAC785491B63815800DFF11E /* SwiftyJSON.framework */; };
		EAC7854C1B63815F00DFF11E /* Restaurant.swift in Sources */ = {isa = PBXBuildFile; fileRef = EAC7854B1B63815F00DFF11E /* Restaurant.swift */; };
		EAC7854D1B6381DD00DFF11E /* SwiftyJSON.framework in Embed Frameworks */ = {isa = PBXBuildFile; fileRef = EAC785491B63815800DFF11E /* SwiftyJSON.framework */; settings = {ATTRIBUTES = (CodeSignOnCopy, RemoveHeadersOnCopy, ); }; };
		EAC785521B638DCC00DFF11E /* RestaurantCell.swift in Sources */ = {isa = PBXBuildFile; fileRef = EAC785501B638DCC00DFF11E /* RestaurantCell.swift */; };
		EAC785531B638DCC00DFF11E /* RestaurantCell.xib in Resources */ = {isa = PBXBuildFile; fileRef = EAC785511B638DCC00DFF11E /* RestaurantCell.xib */; };
		EAC785581B63982000DFF11E /* PPDetailsViewController.swift in Sources */ = {isa = PBXBuildFile; fileRef = EAC785571B63982000DFF11E /* PPDetailsViewController.swift */; };
		EAC7855E1B63AB4C00DFF11E /* PPLocationManager.swift in Sources */ = {isa = PBXBuildFile; fileRef = EAC7855D1B63AB4C00DFF11E /* PPLocationManager.swift */; };
/* End PBXBuildFile section */

/* Begin PBXContainerItemProxy section */
		EAC784C61B636C6F00DFF11E /* PBXContainerItemProxy */ = {
			isa = PBXContainerItemProxy;
			containerPortal = EAC784A51B636C6F00DFF11E /* Project object */;
			proxyType = 1;
			remoteGlobalIDString = EAC784AC1B636C6F00DFF11E;
			remoteInfo = PizzaPlaces;
		};
/* End PBXContainerItemProxy section */

/* Begin PBXCopyFilesBuildPhase section */
		EAC785441B637ACD00DFF11E /* Embed Frameworks */ = {
			isa = PBXCopyFilesBuildPhase;
			buildActionMask = 2147483647;
			dstPath = "";
			dstSubfolderSpec = 10;
			files = (
				EAC7854D1B6381DD00DFF11E /* SwiftyJSON.framework in Embed Frameworks */,
				EAC785451B637ADF00DFF11E /* Box.framework in Embed Frameworks */,
				EAC785461B637ADF00DFF11E /* ReactiveCocoa.framework in Embed Frameworks */,
				EAC785471B637ADF00DFF11E /* Result.framework in Embed Frameworks */,
			);
			name = "Embed Frameworks";
			runOnlyForDeploymentPostprocessing = 0;
		};
/* End PBXCopyFilesBuildPhase section */

/* Begin PBXFileReference section */
		0D7FDFA1397FD778E206B26D /* libPods.a */ = {isa = PBXFileReference; explicitFileType = archive.ar; includeInIndex = 0; path = libPods.a; sourceTree = BUILT_PRODUCTS_DIR; };
		0E2304844984DB0B0B58D71F /* Pods.release.xcconfig */ = {isa = PBXFileReference; includeInIndex = 1; lastKnownFileType = text.xcconfig; name = Pods.release.xcconfig; path = "Pods/Target Support Files/Pods/Pods.release.xcconfig"; sourceTree = "<group>"; };
		427E8A4C9EBB5C4E59246CC2 /* Pods.debug.xcconfig */ = {isa = PBXFileReference; includeInIndex = 1; lastKnownFileType = text.xcconfig; name = Pods.debug.xcconfig; path = "Pods/Target Support Files/Pods/Pods.debug.xcconfig"; sourceTree = "<group>"; };
		EAC784AD1B636C6F00DFF11E /* PizzaPlaces.app */ = {isa = PBXFileReference; explicitFileType = wrapper.application; includeInIndex = 0; path = PizzaPlaces.app; sourceTree = BUILT_PRODUCTS_DIR; };
		EAC784B11B636C6F00DFF11E /* Info.plist */ = {isa = PBXFileReference; lastKnownFileType = text.plist.xml; path = Info.plist; sourceTree = "<group>"; };
		EAC784B21B636C6F00DFF11E /* AppDelegate.swift */ = {isa = PBXFileReference; lastKnownFileType = sourcecode.swift; path = AppDelegate.swift; sourceTree = "<group>"; };
		EAC784B51B636C6F00DFF11E /* PizzaPlaces.xcdatamodel */ = {isa = PBXFileReference; lastKnownFileType = wrapper.xcdatamodel; path = PizzaPlaces.xcdatamodel; sourceTree = "<group>"; };
		EAC784B71B636C6F00DFF11E /* ViewController.swift */ = {isa = PBXFileReference; lastKnownFileType = sourcecode.swift; path = ViewController.swift; sourceTree = "<group>"; };
		EAC784BA1B636C6F00DFF11E /* Base */ = {isa = PBXFileReference; lastKnownFileType = file.storyboard; name = Base; path = Base.lproj/Main.storyboard; sourceTree = "<group>"; };
		EAC784BC1B636C6F00DFF11E /* Images.xcassets */ = {isa = PBXFileReference; lastKnownFileType = folder.assetcatalog; path = Images.xcassets; sourceTree = "<group>"; };
		EAC784BF1B636C6F00DFF11E /* Base */ = {isa = PBXFileReference; lastKnownFileType = file.xib; name = Base; path = Base.lproj/LaunchScreen.xib; sourceTree = "<group>"; };
		EAC784C51B636C6F00DFF11E /* PizzaPlacesTests.xctest */ = {isa = PBXFileReference; explicitFileType = wrapper.cfbundle; includeInIndex = 0; path = PizzaPlacesTests.xctest; sourceTree = BUILT_PRODUCTS_DIR; };
		EAC784CA1B636C6F00DFF11E /* Info.plist */ = {isa = PBXFileReference; lastKnownFileType = text.plist.xml; path = Info.plist; sourceTree = "<group>"; };
		EAC784CB1B636C6F00DFF11E /* PizzaPlacesTests.swift */ = {isa = PBXFileReference; lastKnownFileType = sourcecode.swift; path = PizzaPlacesTests.swift; sourceTree = "<group>"; };
		EAC785381B6376C700DFF11E /* CoreLocation.framework */ = {isa = PBXFileReference; lastKnownFileType = wrapper.framework; name = CoreLocation.framework; path = System/Library/Frameworks/CoreLocation.framework; sourceTree = SDKROOT; };
		EAC7853C1B63795B00DFF11E /* New_York_Trip.gpx */ = {isa = PBXFileReference; fileEncoding = 4; lastKnownFileType = text.xml; path = New_York_Trip.gpx; sourceTree = "<group>"; };
		EAC7853E1B637ABD00DFF11E /* Box.framework */ = {isa = PBXFileReference; lastKnownFileType = wrapper.framework; name = Box.framework; path = Carthage/Build/iOS/Box.framework; sourceTree = "<group>"; };
		EAC7853F1B637ABD00DFF11E /* ReactiveCocoa.framework */ = {isa = PBXFileReference; lastKnownFileType = wrapper.framework; name = ReactiveCocoa.framework; path = Carthage/Build/iOS/ReactiveCocoa.framework; sourceTree = "<group>"; };
		EAC785401B637ABD00DFF11E /* Result.framework */ = {isa = PBXFileReference; lastKnownFileType = wrapper.framework; name = Result.framework; path = Carthage/Build/iOS/Result.framework; sourceTree = "<group>"; };
		EAC785491B63815800DFF11E /* SwiftyJSON.framework */ = {isa = PBXFileReference; lastKnownFileType = wrapper.framework; name = SwiftyJSON.framework; path = Carthage/Build/iOS/SwiftyJSON.framework; sourceTree = "<group>"; };
		EAC7854B1B63815F00DFF11E /* Restaurant.swift */ = {isa = PBXFileReference; fileEncoding = 4; lastKnownFileType = sourcecode.swift; name = Restaurant.swift; path = DataModel/Restaurant.swift; sourceTree = "<group>"; };
		EAC785501B638DCC00DFF11E /* RestaurantCell.swift */ = {isa = PBXFileReference; fileEncoding = 4; lastKnownFileType = sourcecode.swift; name = RestaurantCell.swift; path = Views/RestaurantCell.swift; sourceTree = "<group>"; };
		EAC785511B638DCC00DFF11E /* RestaurantCell.xib */ = {isa = PBXFileReference; fileEncoding = 4; lastKnownFileType = file.xib; name = RestaurantCell.xib; path = Views/RestaurantCell.xib; sourceTree = "<group>"; };
		EAC785571B63982000DFF11E /* PPDetailsViewController.swift */ = {isa = PBXFileReference; fileEncoding = 4; lastKnownFileType = sourcecode.swift; name = PPDetailsViewController.swift; path = ViewControllers/PPDetailsViewController.swift; sourceTree = "<group>"; };
		EAC785591B639F0300DFF11E /* PizzaPlaces-Bridging-Header.h */ = {isa = PBXFileReference; lastKnownFileType = sourcecode.c.h; path = "PizzaPlaces-Bridging-Header.h"; sourceTree = "<group>"; };
		EAC7855D1B63AB4C00DFF11E /* PPLocationManager.swift */ = {isa = PBXFileReference; fileEncoding = 4; lastKnownFileType = sourcecode.swift; path = PPLocationManager.swift; sourceTree = "<group>"; };
/* End PBXFileReference section */

/* Begin PBXFrameworksBuildPhase section */
		EAC784AA1B636C6F00DFF11E /* Frameworks */ = {
			isa = PBXFrameworksBuildPhase;
			buildActionMask = 2147483647;
			files = (
				EAC785391B6376C700DFF11E /* CoreLocation.framework in Frameworks */,
				EAC785411B637ABD00DFF11E /* Box.framework in Frameworks */,
				EAC7854A1B63815800DFF11E /* SwiftyJSON.framework in Frameworks */,
				EAC785431B637ABD00DFF11E /* Result.framework in Frameworks */,
				90DABA9C7F69C5D6B4296A1D /* libPods.a in Frameworks */,
				EAC785421B637ABD00DFF11E /* ReactiveCocoa.framework in Frameworks */,
			);
			runOnlyForDeploymentPostprocessing = 0;
		};
		EAC784C21B636C6F00DFF11E /* Frameworks */ = {
			isa = PBXFrameworksBuildPhase;
			buildActionMask = 2147483647;
			files = (
			);
			runOnlyForDeploymentPostprocessing = 0;
		};
/* End PBXFrameworksBuildPhase section */

/* Begin PBXGroup section */
		0EA08D7BA0649BF14EA187F2 /* Pods */ = {
			isa = PBXGroup;
			children = (
				427E8A4C9EBB5C4E59246CC2 /* Pods.debug.xcconfig */,
				0E2304844984DB0B0B58D71F /* Pods.release.xcconfig */,
			);
			name = Pods;
			sourceTree = "<group>";
		};
		2B3BF11A0F59AD0469439FA8 /* Frameworks */ = {
			isa = PBXGroup;
			children = (
				EAC785491B63815800DFF11E /* SwiftyJSON.framework */,
				EAC7853E1B637ABD00DFF11E /* Box.framework */,
				EAC7853F1B637ABD00DFF11E /* ReactiveCocoa.framework */,
				EAC785401B637ABD00DFF11E /* Result.framework */,
				EAC785381B6376C700DFF11E /* CoreLocation.framework */,
				0D7FDFA1397FD778E206B26D /* libPods.a */,
			);
			name = Frameworks;
			sourceTree = "<group>";
		};
		EAC784A41B636C6F00DFF11E = {
			isa = PBXGroup;
			children = (
				EAC784AF1B636C6F00DFF11E /* PizzaPlaces */,
				EAC784C81B636C6F00DFF11E /* PizzaPlacesTests */,
				EAC784AE1B636C6F00DFF11E /* Products */,
				0EA08D7BA0649BF14EA187F2 /* Pods */,
				2B3BF11A0F59AD0469439FA8 /* Frameworks */,
			);
			sourceTree = "<group>";
		};
		EAC784AE1B636C6F00DFF11E /* Products */ = {
			isa = PBXGroup;
			children = (
				EAC784AD1B636C6F00DFF11E /* PizzaPlaces.app */,
				EAC784C51B636C6F00DFF11E /* PizzaPlacesTests.xctest */,
			);
			name = Products;
			sourceTree = "<group>";
		};
		EAC784AF1B636C6F00DFF11E /* PizzaPlaces */ = {
			isa = PBXGroup;
			children = (
				EAC7854F1B638DA100DFF11E /* Views */,
				EAC7854E1B638D9400DFF11E /* ViewControllers */,
				EAC785481B637E2600DFF11E /* Model */,
				EAC784B21B636C6F00DFF11E /* AppDelegate.swift */,
				EAC784B91B636C6F00DFF11E /* Main.storyboard */,
				EAC784BC1B636C6F00DFF11E /* Images.xcassets */,
				EAC785591B639F0300DFF11E /* PizzaPlaces-Bridging-Header.h */,
				EAC784BE1B636C6F00DFF11E /* LaunchScreen.xib */,
				EAC784B41B636C6F00DFF11E /* PizzaPlaces.xcdatamodeld */,
				EAC784B01B636C6F00DFF11E /* Supporting Files */,
				EAC7855D1B63AB4C00DFF11E /* PPLocationManager.swift */,
			);
			path = PizzaPlaces;
			sourceTree = "<group>";
		};
		EAC784B01B636C6F00DFF11E /* Supporting Files */ = {
			isa = PBXGroup;
			children = (
				EAC7853C1B63795B00DFF11E /* New_York_Trip.gpx */,
				EAC784B11B636C6F00DFF11E /* Info.plist */,
			);
			name = "Supporting Files";
			sourceTree = "<group>";
		};
		EAC784C81B636C6F00DFF11E /* PizzaPlacesTests */ = {
			isa = PBXGroup;
			children = (
				EAC784CB1B636C6F00DFF11E /* PizzaPlacesTests.swift */,
				EAC784C91B636C6F00DFF11E /* Supporting Files */,
			);
			path = PizzaPlacesTests;
			sourceTree = "<group>";
		};
		EAC784C91B636C6F00DFF11E /* Supporting Files */ = {
			isa = PBXGroup;
			children = (
				EAC784CA1B636C6F00DFF11E /* Info.plist */,
			);
			name = "Supporting Files";
			sourceTree = "<group>";
		};
		EAC785481B637E2600DFF11E /* Model */ = {
			isa = PBXGroup;
			children = (
				EAC7854B1B63815F00DFF11E /* Restaurant.swift */,
			);
			name = Model;
			sourceTree = "<group>";
		};
		EAC7854E1B638D9400DFF11E /* ViewControllers */ = {
			isa = PBXGroup;
			children = (
				EAC784B71B636C6F00DFF11E /* ViewController.swift */,
				EAC785571B63982000DFF11E /* PPDetailsViewController.swift */,
			);
			name = ViewControllers;
			sourceTree = "<group>";
		};
		EAC7854F1B638DA100DFF11E /* Views */ = {
			isa = PBXGroup;
			children = (
				EAC785501B638DCC00DFF11E /* RestaurantCell.swift */,
				EAC785511B638DCC00DFF11E /* RestaurantCell.xib */,
			);
			name = Views;
			sourceTree = "<group>";
		};
/* End PBXGroup section */

/* Begin PBXNativeTarget section */
		EAC784AC1B636C6F00DFF11E /* PizzaPlaces */ = {
			isa = PBXNativeTarget;
			buildConfigurationList = EAC784CF1B636C6F00DFF11E /* Build configuration list for PBXNativeTarget "PizzaPlaces" */;
			buildPhases = (
				E0D3C4C4D5D035E13D7E3FE3 /* Check Pods Manifest.lock */,
				EAC784A91B636C6F00DFF11E /* Sources */,
				EAC784AA1B636C6F00DFF11E /* Frameworks */,
				EAC784AB1B636C6F00DFF11E /* Resources */,
				DD818F03BF9D1893EA2C34F7 /* Copy Pods Resources */,
				EAC785441B637ACD00DFF11E /* Embed Frameworks */,
			);
			buildRules = (
			);
			dependencies = (
			);
			name = PizzaPlaces;
			productName = PizzaPlaces;
			productReference = EAC784AD1B636C6F00DFF11E /* PizzaPlaces.app */;
			productType = "com.apple.product-type.application";
		};
		EAC784C41B636C6F00DFF11E /* PizzaPlacesTests */ = {
			isa = PBXNativeTarget;
			buildConfigurationList = EAC784D21B636C6F00DFF11E /* Build configuration list for PBXNativeTarget "PizzaPlacesTests" */;
			buildPhases = (
				EAC784C11B636C6F00DFF11E /* Sources */,
				EAC784C21B636C6F00DFF11E /* Frameworks */,
				EAC784C31B636C6F00DFF11E /* Resources */,
			);
			buildRules = (
			);
			dependencies = (
				EAC784C71B636C6F00DFF11E /* PBXTargetDependency */,
			);
			name = PizzaPlacesTests;
			productName = PizzaPlacesTests;
			productReference = EAC784C51B636C6F00DFF11E /* PizzaPlacesTests.xctest */;
			productType = "com.apple.product-type.bundle.unit-test";
		};
/* End PBXNativeTarget section */

/* Begin PBXProject section */
		EAC784A51B636C6F00DFF11E /* Project object */ = {
			isa = PBXProject;
			attributes = {
				LastUpgradeCheck = 0640;
				ORGANIZATIONNAME = AZborovskyi;
				TargetAttributes = {
					EAC784AC1B636C6F00DFF11E = {
						CreatedOnToolsVersion = 6.4;
					};
					EAC784C41B636C6F00DFF11E = {
						CreatedOnToolsVersion = 6.4;
						TestTargetID = EAC784AC1B636C6F00DFF11E;
					};
				};
			};
			buildConfigurationList = EAC784A81B636C6F00DFF11E /* Build configuration list for PBXProject "PizzaPlaces" */;
			compatibilityVersion = "Xcode 3.2";
			developmentRegion = English;
			hasScannedForEncodings = 0;
			knownRegions = (
				en,
				Base,
			);
			mainGroup = EAC784A41B636C6F00DFF11E;
			productRefGroup = EAC784AE1B636C6F00DFF11E /* Products */;
			projectDirPath = "";
			projectRoot = "";
			targets = (
				EAC784AC1B636C6F00DFF11E /* PizzaPlaces */,
				EAC784C41B636C6F00DFF11E /* PizzaPlacesTests */,
			);
		};
/* End PBXProject section */

/* Begin PBXResourcesBuildPhase section */
		EAC784AB1B636C6F00DFF11E /* Resources */ = {
			isa = PBXResourcesBuildPhase;
			buildActionMask = 2147483647;
			files = (
				EAC784BB1B636C6F00DFF11E /* Main.storyboard in Resources */,
				EAC784C01B636C6F00DFF11E /* LaunchScreen.xib in Resources */,
				EAC7853D1B63795B00DFF11E /* New_York_Trip.gpx in Resources */,
				EAC785531B638DCC00DFF11E /* RestaurantCell.xib in Resources */,
				EAC784BD1B636C6F00DFF11E /* Images.xcassets in Resources */,
			);
			runOnlyForDeploymentPostprocessing = 0;
		};
		EAC784C31B636C6F00DFF11E /* Resources */ = {
			isa = PBXResourcesBuildPhase;
			buildActionMask = 2147483647;
			files = (
			);
			runOnlyForDeploymentPostprocessing = 0;
		};
/* End PBXResourcesBuildPhase section */

/* Begin PBXShellScriptBuildPhase section */
		DD818F03BF9D1893EA2C34F7 /* Copy Pods Resources */ = {
			isa = PBXShellScriptBuildPhase;
			buildActionMask = 2147483647;
			files = (
			);
			inputPaths = (
			);
			name = "Copy Pods Resources";
			outputPaths = (
			);
			runOnlyForDeploymentPostprocessing = 0;
			shellPath = /bin/sh;
			shellScript = "\"${SRCROOT}/Pods/Target Support Files/Pods/Pods-resources.sh\"\n";
			showEnvVarsInLog = 0;
		};
		E0D3C4C4D5D035E13D7E3FE3 /* Check Pods Manifest.lock */ = {
			isa = PBXShellScriptBuildPhase;
			buildActionMask = 2147483647;
			files = (
			);
			inputPaths = (
			);
			name = "Check Pods Manifest.lock";
			outputPaths = (
			);
			runOnlyForDeploymentPostprocessing = 0;
			shellPath = /bin/sh;
			shellScript = "diff \"${PODS_ROOT}/../Podfile.lock\" \"${PODS_ROOT}/Manifest.lock\" > /dev/null\nif [[ $? != 0 ]] ; then\n    cat << EOM\nerror: The sandbox is not in sync with the Podfile.lock. Run 'pod install' or update your CocoaPods installation.\nEOM\n    exit 1\nfi\n";
			showEnvVarsInLog = 0;
		};
/* End PBXShellScriptBuildPhase section */

/* Begin PBXSourcesBuildPhase section */
		EAC784A91B636C6F00DFF11E /* Sources */ = {
			isa = PBXSourcesBuildPhase;
			buildActionMask = 2147483647;
			files = (
				EAC785521B638DCC00DFF11E /* RestaurantCell.swift in Sources */,
				EAC785581B63982000DFF11E /* PPDetailsViewController.swift in Sources */,
				EAC7855E1B63AB4C00DFF11E /* PPLocationManager.swift in Sources */,
				EAC784B81B636C6F00DFF11E /* ViewController.swift in Sources */,
				EAC784B61B636C6F00DFF11E /* PizzaPlaces.xcdatamodeld in Sources */,
				EAC784B31B636C6F00DFF11E /* AppDelegate.swift in Sources */,
				EAC7854C1B63815F00DFF11E /* Restaurant.swift in Sources */,
			);
			runOnlyForDeploymentPostprocessing = 0;
		};
		EAC784C11B636C6F00DFF11E /* Sources */ = {
			isa = PBXSourcesBuildPhase;
			buildActionMask = 2147483647;
			files = (
				EAC784CC1B636C6F00DFF11E /* PizzaPlacesTests.swift in Sources */,
			);
			runOnlyForDeploymentPostprocessing = 0;
		};
/* End PBXSourcesBuildPhase section */

/* Begin PBXTargetDependency section */
		EAC784C71B636C6F00DFF11E /* PBXTargetDependency */ = {
			isa = PBXTargetDependency;
			target = EAC784AC1B636C6F00DFF11E /* PizzaPlaces */;
			targetProxy = EAC784C61B636C6F00DFF11E /* PBXContainerItemProxy */;
		};
/* End PBXTargetDependency section */

/* Begin PBXVariantGroup section */
		EAC784B91B636C6F00DFF11E /* Main.storyboard */ = {
			isa = PBXVariantGroup;
			children = (
				EAC784BA1B636C6F00DFF11E /* Base */,
			);
			name = Main.storyboard;
			sourceTree = "<group>";
		};
		EAC784BE1B636C6F00DFF11E /* LaunchScreen.xib */ = {
			isa = PBXVariantGroup;
			children = (
				EAC784BF1B636C6F00DFF11E /* Base */,
			);
			name = LaunchScreen.xib;
			sourceTree = "<group>";
		};
/* End PBXVariantGroup section */

/* Begin XCBuildConfiguration section */
		EAC784CD1B636C6F00DFF11E /* Debug */ = {
			isa = XCBuildConfiguration;
			buildSettings = {
				ALWAYS_SEARCH_USER_PATHS = NO;
				CLANG_CXX_LANGUAGE_STANDARD = "gnu++0x";
				CLANG_CXX_LIBRARY = "libc++";
				CLANG_ENABLE_MODULES = YES;
				CLANG_ENABLE_OBJC_ARC = YES;
				CLANG_WARN_BOOL_CONVERSION = YES;
				CLANG_WARN_CONSTANT_CONVERSION = YES;
				CLANG_WARN_DIRECT_OBJC_ISA_USAGE = YES_ERROR;
				CLANG_WARN_EMPTY_BODY = YES;
				CLANG_WARN_ENUM_CONVERSION = YES;
				CLANG_WARN_INT_CONVERSION = YES;
				CLANG_WARN_OBJC_ROOT_CLASS = YES_ERROR;
				CLANG_WARN_UNREACHABLE_CODE = YES;
				CLANG_WARN__DUPLICATE_METHOD_MATCH = YES;
				"CODE_SIGN_IDENTITY[sdk=iphoneos*]" = "iPhone Developer";
				COPY_PHASE_STRIP = NO;
				DEBUG_INFORMATION_FORMAT = "dwarf-with-dsym";
				ENABLE_STRICT_OBJC_MSGSEND = YES;
				GCC_C_LANGUAGE_STANDARD = gnu99;
				GCC_DYNAMIC_NO_PIC = NO;
				GCC_NO_COMMON_BLOCKS = YES;
				GCC_OPTIMIZATION_LEVEL = 0;
				GCC_PREPROCESSOR_DEFINITIONS = (
					"DEBUG=1",
					"$(inherited)",
				);
				GCC_SYMBOLS_PRIVATE_EXTERN = NO;
				GCC_WARN_64_TO_32_BIT_CONVERSION = YES;
				GCC_WARN_ABOUT_RETURN_TYPE = YES_ERROR;
				GCC_WARN_UNDECLARED_SELECTOR = YES;
				GCC_WARN_UNINITIALIZED_AUTOS = YES_AGGRESSIVE;
				GCC_WARN_UNUSED_FUNCTION = YES;
				GCC_WARN_UNUSED_VARIABLE = YES;
				IPHONEOS_DEPLOYMENT_TARGET = 8.4;
				MTL_ENABLE_DEBUG_INFO = YES;
				ONLY_ACTIVE_ARCH = YES;
				SDKROOT = iphoneos;
				SWIFT_OPTIMIZATION_LEVEL = "-Onone";
				TARGETED_DEVICE_FAMILY = "1,2";
			};
			name = Debug;
		};
		EAC784CE1B636C6F00DFF11E /* Release */ = {
			isa = XCBuildConfiguration;
			buildSettings = {
				ALWAYS_SEARCH_USER_PATHS = NO;
				CLANG_CXX_LANGUAGE_STANDARD = "gnu++0x";
				CLANG_CXX_LIBRARY = "libc++";
				CLANG_ENABLE_MODULES = YES;
				CLANG_ENABLE_OBJC_ARC = YES;
				CLANG_WARN_BOOL_CONVERSION = YES;
				CLANG_WARN_CONSTANT_CONVERSION = YES;
				CLANG_WARN_DIRECT_OBJC_ISA_USAGE = YES_ERROR;
				CLANG_WARN_EMPTY_BODY = YES;
				CLANG_WARN_ENUM_CONVERSION = YES;
				CLANG_WARN_INT_CONVERSION = YES;
				CLANG_WARN_OBJC_ROOT_CLASS = YES_ERROR;
				CLANG_WARN_UNREACHABLE_CODE = YES;
				CLANG_WARN__DUPLICATE_METHOD_MATCH = YES;
				"CODE_SIGN_IDENTITY[sdk=iphoneos*]" = "iPhone Developer";
				COPY_PHASE_STRIP = NO;
				DEBUG_INFORMATION_FORMAT = "dwarf-with-dsym";
				ENABLE_NS_ASSERTIONS = NO;
				ENABLE_STRICT_OBJC_MSGSEND = YES;
				GCC_C_LANGUAGE_STANDARD = gnu99;
				GCC_NO_COMMON_BLOCKS = YES;
				GCC_WARN_64_TO_32_BIT_CONVERSION = YES;
				GCC_WARN_ABOUT_RETURN_TYPE = YES_ERROR;
				GCC_WARN_UNDECLARED_SELECTOR = YES;
				GCC_WARN_UNINITIALIZED_AUTOS = YES_AGGRESSIVE;
				GCC_WARN_UNUSED_FUNCTION = YES;
				GCC_WARN_UNUSED_VARIABLE = YES;
				IPHONEOS_DEPLOYMENT_TARGET = 8.4;
				MTL_ENABLE_DEBUG_INFO = NO;
				SDKROOT = iphoneos;
				TARGETED_DEVICE_FAMILY = "1,2";
				VALIDATE_PRODUCT = YES;
			};
			name = Release;
		};
		EAC784D01B636C6F00DFF11E /* Debug */ = {
			isa = XCBuildConfiguration;
			baseConfigurationReference = 427E8A4C9EBB5C4E59246CC2 /* Pods.debug.xcconfig */;
			buildSettings = {
				ASSETCATALOG_COMPILER_APPICON_NAME = AppIcon;
				CLANG_ENABLE_MODULES = YES;
				FRAMEWORK_SEARCH_PATHS = (
					"$(inherited)",
					"$(PROJECT_DIR)/Carthage/Build/iOS",
				);
				INFOPLIST_FILE = PizzaPlaces/Info.plist;
				LD_RUNPATH_SEARCH_PATHS = "$(inherited) @executable_path/Frameworks";
				PRODUCT_NAME = "$(TARGET_NAME)";
				SWIFT_OBJC_BRIDGING_HEADER = "PizzaPlaces/PizzaPlaces-Bridging-Header.h";
				SWIFT_OPTIMIZATION_LEVEL = "-Onone";
			};
			name = Debug;
		};
		EAC784D11B636C6F00DFF11E /* Release */ = {
			isa = XCBuildConfiguration;
			baseConfigurationReference = 0E2304844984DB0B0B58D71F /* Pods.release.xcconfig */;
			buildSettings = {
				ASSETCATALOG_COMPILER_APPICON_NAME = AppIcon;
				CLANG_ENABLE_MODULES = YES;
				FRAMEWORK_SEARCH_PATHS = (
					"$(inherited)",
					"$(PROJECT_DIR)/Carthage/Build/iOS",
				);
				INFOPLIST_FILE = PizzaPlaces/Info.plist;
				LD_RUNPATH_SEARCH_PATHS = "$(inherited) @executable_path/Frameworks";
				PRODUCT_NAME = "$(TARGET_NAME)";
				SWIFT_OBJC_BRIDGING_HEADER = "PizzaPlaces/PizzaPlaces-Bridging-Header.h";
			};
			name = Release;
		};
		EAC784D31B636C6F00DFF11E /* Debug */ = {
			isa = XCBuildConfiguration;
			buildSettings = {
				BUNDLE_LOADER = "$(TEST_HOST)";
				FRAMEWORK_SEARCH_PATHS = (
					"$(SDKROOT)/Developer/Library/Frameworks",
					"$(inherited)",
				);
				GCC_PREPROCESSOR_DEFINITIONS = (
					"DEBUG=1",
					"$(inherited)",
				);
				INFOPLIST_FILE = PizzaPlacesTests/Info.plist;
				LD_RUNPATH_SEARCH_PATHS = "$(inherited) @executable_path/Frameworks @loader_path/Frameworks";
				PRODUCT_NAME = "$(TARGET_NAME)";
				TEST_HOST = "$(BUILT_PRODUCTS_DIR)/PizzaPlaces.app/PizzaPlaces";
			};
			name = Debug;
		};
		EAC784D41B636C6F00DFF11E /* Release */ = {
			isa = XCBuildConfiguration;
			buildSettings = {
				BUNDLE_LOADER = "$(TEST_HOST)";
				FRAMEWORK_SEARCH_PATHS = (
					"$(SDKROOT)/Developer/Library/Frameworks",
					"$(inherited)",
				);
				INFOPLIST_FILE = PizzaPlacesTests/Info.plist;
				LD_RUNPATH_SEARCH_PATHS = "$(inherited) @executable_path/Frameworks @loader_path/Frameworks";
				PRODUCT_NAME = "$(TARGET_NAME)";
				TEST_HOST = "$(BUILT_PRODUCTS_DIR)/PizzaPlaces.app/PizzaPlaces";
			};
			name = Release;
		};
/* End XCBuildConfiguration section */

/* Begin XCConfigurationList section */
		EAC784A81B636C6F00DFF11E /* Build configuration list for PBXProject "PizzaPlaces" */ = {
			isa = XCConfigurationList;
			buildConfigurations = (
				EAC784CD1B636C6F00DFF11E /* Debug */,
				EAC784CE1B636C6F00DFF11E /* Release */,
			);
			defaultConfigurationIsVisible = 0;
			defaultConfigurationName = Release;
		};
		EAC784CF1B636C6F00DFF11E /* Build configuration list for PBXNativeTarget "PizzaPlaces" */ = {
			isa = XCConfigurationList;
			buildConfigurations = (
				EAC784D01B636C6F00DFF11E /* Debug */,
				EAC784D11B636C6F00DFF11E /* Release */,
			);
			defaultConfigurationIsVisible = 0;
			defaultConfigurationName = Release;
		};
		EAC784D21B636C6F00DFF11E /* Build configuration list for PBXNativeTarget "PizzaPlacesTests" */ = {
			isa = XCConfigurationList;
			buildConfigurations = (
				EAC784D31B636C6F00DFF11E /* Debug */,
				EAC784D41B636C6F00DFF11E /* Release */,
			);
			defaultConfigurationIsVisible = 0;
			defaultConfigurationName = Release;
		};
/* End XCConfigurationList section */

/* Begin XCVersionGroup section */
		EAC784B41B636C6F00DFF11E /* PizzaPlaces.xcdatamodeld */ = {
			isa = XCVersionGroup;
			children = (
				EAC784B51B636C6F00DFF11E /* PizzaPlaces.xcdatamodel */,
			);
			currentVersion = EAC784B51B636C6F00DFF11E /* PizzaPlaces.xcdatamodel */;
			path = PizzaPlaces.xcdatamodeld;
			sourceTree = "<group>";
			versionGroupType = wrapper.xcdatamodel;
		};
/* End XCVersionGroup section */
	};
	rootObject = EAC784A51B636C6F00DFF11E /* Project object */;
}
