// !$*UTF8*$!
{
	archiveVersion = 1;
	classes = {
	};
	objectVersion = 46;
	objects = {

/* Begin PBXBuildFile section */
		EAC784B31B636C6F00DFF11E /* AppDelegate.swift in Sources */ = {isa = PBXBuildFile; fileRef = EAC784B21B636C6F00DFF11E /* AppDelegate.swift */; };
		EAC784B61B636C6F00DFF11E /* PizzaPlaces.xcdatamodeld in Sources */ = {isa = PBXBuildFile; fileRef = EAC784B41B636C6F00DFF11E /* PizzaPlaces.xcdatamodeld */; };
		EAC784B81B636C6F00DFF11E /* ViewController.swift in Sources */ = {isa = PBXBuildFile; fileRef = EAC784B71B636C6F00DFF11E /* ViewController.swift */; };
		EAC784BB1B636C6F00DFF11E /* Main.storyboard in Resources */ = {isa = PBXBuildFile; fileRef = EAC784B91B636C6F00DFF11E /* Main.storyboard */; };
		EAC784BD1B636C6F00DFF11E /* Images.xcassets in Resources */ = {isa = PBXBuildFile; fileRef = EAC784BC1B636C6F00DFF11E /* Images.xcassets */; };
		EAC784C01B636C6F00DFF11E /* LaunchScreen.xib in Resources */ = {isa = PBXBuildFile; fileRef = EAC784BE1B636C6F00DFF11E /* LaunchScreen.xib */; };
		EAC784CC1B636C6F00DFF11E /* PizzaPlacesTests.swift in Sources */ = {isa = PBXBuildFile; fileRef = EAC784CB1B636C6F00DFF11E /* PizzaPlacesTests.swift */; };
/* End PBXBuildFile section */

/* Begin PBXContainerItemProxy section */
		EAC784C61B636C6F00DFF11E /* PBXContainerItemProxy */ = {
			isa = PBXContainerItemProxy;
			containerPortal = EAC784A51B636C6F00DFF11E /* Project object */;
			proxyType = 1;
			remoteGlobalIDString = EAC784AC1B636C6F00DFF11E;
			remoteInfo = PizzaPlaces;
		};
/* End PBXContainerItemProxy section */

/* Begin PBXFileReference section */
		EAC784AD1B636C6F00DFF11E /* PizzaPlaces.app */ = {isa = PBXFileReference; explicitFileType = wrapper.application; includeInIndex = 0; path = PizzaPlaces.app; sourceTree = BUILT_PRODUCTS_DIR; };
		EAC784B11B636C6F00DFF11E /* Info.plist */ = {isa = PBXFileReference; lastKnownFileType = text.plist.xml; path = Info.plist; sourceTree = "<group>"; };
		EAC784B21B636C6F00DFF11E /* AppDelegate.swift */ = {isa = PBXFileReference; lastKnownFileType = sourcecode.swift; path = AppDelegate.swift; sourceTree = "<group>"; };
		EAC784B51B636C6F00DFF11E /* PizzaPlaces.xcdatamodel */ = {isa = PBXFileReference; lastKnownFileType = wrapper.xcdatamodel; path = PizzaPlaces.xcdatamodel; sourceTree = "<group>"; };
		EAC784B71B636C6F00DFF11E /* ViewController.swift */ = {isa = PBXFileReference; lastKnownFileType = sourcecode.swift; path = ViewController.swift; sourceTree = "<group>"; };
		EAC784BA1B636C6F00DFF11E /* Base */ = {isa = PBXFileReference; lastKnownFileType = file.storyboard; name = Base; path = Base.lproj/Main.storyboard; sourceTree = "<group>"; };
		EAC784BC1B636C6F00DFF11E /* Images.xcassets */ = {isa = PBXFileReference; lastKnownFileType = folder.assetcatalog; path = Images.xcassets; sourceTree = "<group>"; };
		EAC784BF1B636C6F00DFF11E /* Base */ = {isa = PBXFileReference; lastKnownFileType = file.xib; name = Base; path = Base.lproj/LaunchScreen.xib; sourceTree = "<group>"; };
		EAC784C51B636C6F00DFF11E /* PizzaPlacesTests.xctest */ = {isa = PBXFileReference; explicitFileType = wrapper.cfbundle; includeInIndex = 0; path = PizzaPlacesTests.xctest; sourceTree = BUILT_PRODUCTS_DIR; };
		EAC784CA1B636C6F00DFF11E /* Info.plist */ = {isa = PBXFileReference; lastKnownFileType = text.plist.xml; path = Info.plist; sourceTree = "<group>"; };
		EAC784CB1B636C6F00DFF11E /* PizzaPlacesTests.swift */ = {isa = PBXFileReference; lastKnownFileType = sourcecode.swift; path = PizzaPlacesTests.swift; sourceTree = "<group>"; };
/* End PBXFileReference section */

/* Begin PBXFrameworksBuildPhase section */
		EAC784AA1B636C6F00DFF11E /* Frameworks */ = {
			isa = PBXFrameworksBuildPhase;
			buildActionMask = 2147483647;
			files = (
			);
			runOnlyForDeploymentPostprocessing = 0;
		};
		EAC784C21B636C6F00DFF11E /* Frameworks */ = {
			isa = PBXFrameworksBuildPhase;
			buildActionMask = 2147483647;
			files = (
			);
			runOnlyForDeploymentPostprocessing = 0;
		};
/* End PBXFrameworksBuildPhase section */

/* Begin PBXGroup section */
		EAC784A41B636C6F00DFF11E = {
			isa = PBXGroup;
			children = (
				EAC784AF1B636C6F00DFF11E /* PizzaPlaces */,
				EAC784C81B636C6F00DFF11E /* PizzaPlacesTests */,
				EAC784AE1B636C6F00DFF11E /* Products */,
			);
			sourceTree = "<group>";
		};
		EAC784AE1B636C6F00DFF11E /* Products */ = {
			isa = PBXGroup;
			children = (
				EAC784AD1B636C6F00DFF11E /* PizzaPlaces.app */,
				EAC784C51B636C6F00DFF11E /* PizzaPlacesTests.xctest */,
			);
			name = Products;
			sourceTree = "<group>";
		};
		EAC784AF1B636C6F00DFF11E /* PizzaPlaces */ = {
			isa = PBXGroup;
			children = (
				EAC784B21B636C6F00DFF11E /* AppDelegate.swift */,
				EAC784B71B636C6F00DFF11E /* ViewController.swift */,
				EAC784B91B636C6F00DFF11E /* Main.storyboard */,
				EAC784BC1B636C6F00DFF11E /* Images.xcassets */,
				EAC784BE1B636C6F00DFF11E /* LaunchScreen.xib */,
				EAC784B41B636C6F00DFF11E /* PizzaPlaces.xcdatamodeld */,
				EAC784B01B636C6F00DFF11E /* Supporting Files */,
			);
			path = PizzaPlaces;
			sourceTree = "<group>";
		};
		EAC784B01B636C6F00DFF11E /* Supporting Files */ = {
			isa = PBXGroup;
			children = (
				EAC784B11B636C6F00DFF11E /* Info.plist */,
			);
			name = "Supporting Files";
			sourceTree = "<group>";
		};
		EAC784C81B636C6F00DFF11E /* PizzaPlacesTests */ = {
			isa = PBXGroup;
			children = (
				EAC784CB1B636C6F00DFF11E /* PizzaPlacesTests.swift */,
				EAC784C91B636C6F00DFF11E /* Supporting Files */,
			);
			path = PizzaPlacesTests;
			sourceTree = "<group>";
		};
		EAC784C91B636C6F00DFF11E /* Supporting Files */ = {
			isa = PBXGroup;
			children = (
				EAC784CA1B636C6F00DFF11E /* Info.plist */,
			);
			name = "Supporting Files";
			sourceTree = "<group>";
		};
/* End PBXGroup section */

/* Begin PBXNativeTarget section */
		EAC784AC1B636C6F00DFF11E /* PizzaPlaces */ = {
			isa = PBXNativeTarget;
			buildConfigurationList = EAC784CF1B636C6F00DFF11E /* Build configuration list for PBXNativeTarget "PizzaPlaces" */;
			buildPhases = (
				EAC784A91B636C6F00DFF11E /* Sources */,
				EAC784AA1B636C6F00DFF11E /* Frameworks */,
				EAC784AB1B636C6F00DFF11E /* Resources */,
			);
			buildRules = (
			);
			dependencies = (
			);
			name = PizzaPlaces;
			productName = PizzaPlaces;
			productReference = EAC784AD1B636C6F00DFF11E /* PizzaPlaces.app */;
			productType = "com.apple.product-type.application";
		};
		EAC784C41B636C6F00DFF11E /* PizzaPlacesTests */ = {
			isa = PBXNativeTarget;
			buildConfigurationList = EAC784D21B636C6F00DFF11E /* Build configuration list for PBXNativeTarget "PizzaPlacesTests" */;
			buildPhases = (
				EAC784C11B636C6F00DFF11E /* Sources */,
				EAC784C21B636C6F00DFF11E /* Frameworks */,
				EAC784C31B636C6F00DFF11E /* Resources */,
			);
			buildRules = (
			);
			dependencies = (
				EAC784C71B636C6F00DFF11E /* PBXTargetDependency */,
			);
			name = PizzaPlacesTests;
			productName = PizzaPlacesTests;
			productReference = EAC784C51B636C6F00DFF11E /* PizzaPlacesTests.xctest */;
			productType = "com.apple.product-type.bundle.unit-test";
		};
/* End PBXNativeTarget section */

/* Begin PBXProject section */
		EAC784A51B636C6F00DFF11E /* Project object */ = {
			isa = PBXProject;
			attributes = {
				LastUpgradeCheck = 0640;
				ORGANIZATIONNAME = AZborovskyi;
				TargetAttributes = {
					EAC784AC1B636C6F00DFF11E = {
						CreatedOnToolsVersion = 6.4;
					};
					EAC784C41B636C6F00DFF11E = {
						CreatedOnToolsVersion = 6.4;
						TestTargetID = EAC784AC1B636C6F00DFF11E;
					};
				};
			};
			buildConfigurationList = EAC784A81B636C6F00DFF11E /* Build configuration list for PBXProject "PizzaPlaces" */;
			compatibilityVersion = "Xcode 3.2";
			developmentRegion = English;
			hasScannedForEncodings = 0;
			knownRegions = (
				en,
				Base,
			);
			mainGroup = EAC784A41B636C6F00DFF11E;
			productRefGroup = EAC784AE1B636C6F00DFF11E /* Products */;
			projectDirPath = "";
			projectRoot = "";
			targets = (
				EAC784AC1B636C6F00DFF11E /* PizzaPlaces */,
				EAC784C41B636C6F00DFF11E /* PizzaPlacesTests */,
			);
		};
/* End PBXProject section */

/* Begin PBXResourcesBuildPhase section */
		EAC784AB1B636C6F00DFF11E /* Resources */ = {
			isa = PBXResourcesBuildPhase;
			buildActionMask = 2147483647;
			files = (
				EAC784BB1B636C6F00DFF11E /* Main.storyboard in Resources */,
				EAC784C01B636C6F00DFF11E /* LaunchScreen.xib in Resources */,
				EAC784BD1B636C6F00DFF11E /* Images.xcassets in Resources */,
			);
			runOnlyForDeploymentPostprocessing = 0;
		};
		EAC784C31B636C6F00DFF11E /* Resources */ = {
			isa = PBXResourcesBuildPhase;
			buildActionMask = 2147483647;
			files = (
			);
			runOnlyForDeploymentPostprocessing = 0;
		};
/* End PBXResourcesBuildPhase section */

/* Begin PBXSourcesBuildPhase section */
		EAC784A91B636C6F00DFF11E /* Sources */ = {
			isa = PBXSourcesBuildPhase;
			buildActionMask = 2147483647;
			files = (
				EAC784B81B636C6F00DFF11E /* ViewController.swift in Sources */,
				EAC784B61B636C6F00DFF11E /* PizzaPlaces.xcdatamodeld in Sources */,
				EAC784B31B636C6F00DFF11E /* AppDelegate.swift in Sources */,
			);
			runOnlyForDeploymentPostprocessing = 0;
		};
		EAC784C11B636C6F00DFF11E /* Sources */ = {
			isa = PBXSourcesBuildPhase;
			buildActionMask = 2147483647;
			files = (
				EAC784CC1B636C6F00DFF11E /* PizzaPlacesTests.swift in Sources */,
			);
			runOnlyForDeploymentPostprocessing = 0;
		};
/* End PBXSourcesBuildPhase section */

/* Begin PBXTargetDependency section */
		EAC784C71B636C6F00DFF11E /* PBXTargetDependency */ = {
			isa = PBXTargetDependency;
			target = EAC784AC1B636C6F00DFF11E /* PizzaPlaces */;
			targetProxy = EAC784C61B636C6F00DFF11E /* PBXContainerItemProxy */;
		};
/* End PBXTargetDependency section */

/* Begin PBXVariantGroup section */
		EAC784B91B636C6F00DFF11E /* Main.storyboard */ = {
			isa = PBXVariantGroup;
			children = (
				EAC784BA1B636C6F00DFF11E /* Base */,
			);
			name = Main.storyboard;
			sourceTree = "<group>";
		};
		EAC784BE1B636C6F00DFF11E /* LaunchScreen.xib */ = {
			isa = PBXVariantGroup;
			children = (
				EAC784BF1B636C6F00DFF11E /* Base */,
			);
			name = LaunchScreen.xib;
			sourceTree = "<group>";
		};
/* End PBXVariantGroup section */

/* Begin XCBuildConfiguration section */
		EAC784CD1B636C6F00DFF11E /* Debug */ = {
			isa = XCBuildConfiguration;
			buildSettings = {
				ALWAYS_SEARCH_USER_PATHS = NO;
				CLANG_CXX_LANGUAGE_STANDARD = "gnu++0x";
				CLANG_CXX_LIBRARY = "libc++";
				CLANG_ENABLE_MODULES = YES;
				CLANG_ENABLE_OBJC_ARC = YES;
				CLANG_WARN_BOOL_CONVERSION = YES;
				CLANG_WARN_CONSTANT_CONVERSION = YES;
				CLANG_WARN_DIRECT_OBJC_ISA_USAGE = YES_ERROR;
				CLANG_WARN_EMPTY_BODY = YES;
				CLANG_WARN_ENUM_CONVERSION = YES;
				CLANG_WARN_INT_CONVERSION = YES;
				CLANG_WARN_OBJC_ROOT_CLASS = YES_ERROR;
				CLANG_WARN_UNREACHABLE_CODE = YES;
				CLANG_WARN__DUPLICATE_METHOD_MATCH = YES;
				"CODE_SIGN_IDENTITY[sdk=iphoneos*]" = "iPhone Developer";
				COPY_PHASE_STRIP = NO;
				DEBUG_INFORMATION_FORMAT = "dwarf-with-dsym";
				ENABLE_STRICT_OBJC_MSGSEND = YES;
				GCC_C_LANGUAGE_STANDARD = gnu99;
				GCC_DYNAMIC_NO_PIC = NO;
				GCC_NO_COMMON_BLOCKS = YES;
				GCC_OPTIMIZATION_LEVEL = 0;
				GCC_PREPROCESSOR_DEFINITIONS = (
					"DEBUG=1",
					"$(inherited)",
				);
				GCC_SYMBOLS_PRIVATE_EXTERN = NO;
				GCC_WARN_64_TO_32_BIT_CONVERSION = YES;
				GCC_WARN_ABOUT_RETURN_TYPE = YES_ERROR;
				GCC_WARN_UNDECLARED_SELECTOR = YES;
				GCC_WARN_UNINITIALIZED_AUTOS = YES_AGGRESSIVE;
				GCC_WARN_UNUSED_FUNCTION = YES;
				GCC_WARN_UNUSED_VARIABLE = YES;
				IPHONEOS_DEPLOYMENT_TARGET = 8.4;
				MTL_ENABLE_DEBUG_INFO = YES;
				ONLY_ACTIVE_ARCH = YES;
				SDKROOT = iphoneos;
				SWIFT_OPTIMIZATION_LEVEL = "-Onone";
				TARGETED_DEVICE_FAMILY = "1,2";
			};
			name = Debug;
		};
		EAC784CE1B636C6F00DFF11E /* Release */ = {
			isa = XCBuildConfiguration;
			buildSettings = {
				ALWAYS_SEARCH_USER_PATHS = NO;
				CLANG_CXX_LANGUAGE_STANDARD = "gnu++0x";
				CLANG_CXX_LIBRARY = "libc++";
				CLANG_ENABLE_MODULES = YES;
				CLANG_ENABLE_OBJC_ARC = YES;
				CLANG_WARN_BOOL_CONVERSION = YES;
				CLANG_WARN_CONSTANT_CONVERSION = YES;
				CLANG_WARN_DIRECT_OBJC_ISA_USAGE = YES_ERROR;
				CLANG_WARN_EMPTY_BODY = YES;
				CLANG_WARN_ENUM_CONVERSION = YES;
				CLANG_WARN_INT_CONVERSION = YES;
				CLANG_WARN_OBJC_ROOT_CLASS = YES_ERROR;
				CLANG_WARN_UNREACHABLE_CODE = YES;
				CLANG_WARN__DUPLICATE_METHOD_MATCH = YES;
				"CODE_SIGN_IDENTITY[sdk=iphoneos*]" = "iPhone Developer";
				COPY_PHASE_STRIP = NO;
				DEBUG_INFORMATION_FORMAT = "dwarf-with-dsym";
				ENABLE_NS_ASSERTIONS = NO;
				ENABLE_STRICT_OBJC_MSGSEND = YES;
				GCC_C_LANGUAGE_STANDARD = gnu99;
				GCC_NO_COMMON_BLOCKS = YES;
				GCC_WARN_64_TO_32_BIT_CONVERSION = YES;
				GCC_WARN_ABOUT_RETURN_TYPE = YES_ERROR;
				GCC_WARN_UNDECLARED_SELECTOR = YES;
				GCC_WARN_UNINITIALIZED_AUTOS = YES_AGGRESSIVE;
				GCC_WARN_UNUSED_FUNCTION = YES;
				GCC_WARN_UNUSED_VARIABLE = YES;
				IPHONEOS_DEPLOYMENT_TARGET = 8.4;
				MTL_ENABLE_DEBUG_INFO = NO;
				SDKROOT = iphoneos;
				TARGETED_DEVICE_FAMILY = "1,2";
				VALIDATE_PRODUCT = YES;
			};
			name = Release;
		};
		EAC784D01B636C6F00DFF11E /* Debug */ = {
			isa = XCBuildConfiguration;
			buildSettings = {
				ASSETCATALOG_COMPILER_APPICON_NAME = AppIcon;
				INFOPLIST_FILE = PizzaPlaces/Info.plist;
				LD_RUNPATH_SEARCH_PATHS = "$(inherited) @executable_path/Frameworks";
				PRODUCT_NAME = "$(TARGET_NAME)";
			};
			name = Debug;
		};
		EAC784D11B636C6F00DFF11E /* Release */ = {
			isa = XCBuildConfiguration;
			buildSettings = {
				ASSETCATALOG_COMPILER_APPICON_NAME = AppIcon;
				INFOPLIST_FILE = PizzaPlaces/Info.plist;
				LD_RUNPATH_SEARCH_PATHS = "$(inherited) @executable_path/Frameworks";
				PRODUCT_NAME = "$(TARGET_NAME)";
			};
			name = Release;
		};
		EAC784D31B636C6F00DFF11E /* Debug */ = {
			isa = XCBuildConfiguration;
			buildSettings = {
				BUNDLE_LOADER = "$(TEST_HOST)";
				FRAMEWORK_SEARCH_PATHS = (
					"$(SDKROOT)/Developer/Library/Frameworks",
					"$(inherited)",
				);
				GCC_PREPROCESSOR_DEFINITIONS = (
					"DEBUG=1",
					"$(inherited)",
				);
				INFOPLIST_FILE = PizzaPlacesTests/Info.plist;
				LD_RUNPATH_SEARCH_PATHS = "$(inherited) @executable_path/Frameworks @loader_path/Frameworks";
				PRODUCT_NAME = "$(TARGET_NAME)";
				TEST_HOST = "$(BUILT_PRODUCTS_DIR)/PizzaPlaces.app/PizzaPlaces";
			};
			name = Debug;
		};
		EAC784D41B636C6F00DFF11E /* Release */ = {
			isa = XCBuildConfiguration;
			buildSettings = {
				BUNDLE_LOADER = "$(TEST_HOST)";
				FRAMEWORK_SEARCH_PATHS = (
					"$(SDKROOT)/Developer/Library/Frameworks",
					"$(inherited)",
				);
				INFOPLIST_FILE = PizzaPlacesTests/Info.plist;
				LD_RUNPATH_SEARCH_PATHS = "$(inherited) @executable_path/Frameworks @loader_path/Frameworks";
				PRODUCT_NAME = "$(TARGET_NAME)";
				TEST_HOST = "$(BUILT_PRODUCTS_DIR)/PizzaPlaces.app/PizzaPlaces";
			};
			name = Release;
		};
/* End XCBuildConfiguration section */

/* Begin XCConfigurationList section */
		EAC784A81B636C6F00DFF11E /* Build configuration list for PBXProject "PizzaPlaces" */ = {
			isa = XCConfigurationList;
			buildConfigurations = (
				EAC784CD1B636C6F00DFF11E /* Debug */,
				EAC784CE1B636C6F00DFF11E /* Release */,
			);
			defaultConfigurationIsVisible = 0;
			defaultConfigurationName = Release;
		};
		EAC784CF1B636C6F00DFF11E /* Build configuration list for PBXNativeTarget "PizzaPlaces" */ = {
			isa = XCConfigurationList;
			buildConfigurations = (
				EAC784D01B636C6F00DFF11E /* Debug */,
				EAC784D11B636C6F00DFF11E /* Release */,
			);
			defaultConfigurationIsVisible = 0;
		};
		EAC784D21B636C6F00DFF11E /* Build configuration list for PBXNativeTarget "PizzaPlacesTests" */ = {
			isa = XCConfigurationList;
			buildConfigurations = (
				EAC784D31B636C6F00DFF11E /* Debug */,
				EAC784D41B636C6F00DFF11E /* Release */,
			);
			defaultConfigurationIsVisible = 0;
		};
/* End XCConfigurationList section */

/* Begin XCVersionGroup section */
		EAC784B41B636C6F00DFF11E /* PizzaPlaces.xcdatamodeld */ = {
			isa = XCVersionGroup;
			children = (
				EAC784B51B636C6F00DFF11E /* PizzaPlaces.xcdatamodel */,
			);
			currentVersion = EAC784B51B636C6F00DFF11E /* PizzaPlaces.xcdatamodel */;
			path = PizzaPlaces.xcdatamodeld;
			sourceTree = "<group>";
			versionGroupType = wrapper.xcdatamodel;
		};
/* End XCVersionGroup section */
	};
	rootObject = EAC784A51B636C6F00DFF11E /* Project object */;
}
